
Microsoft Visual Studio Solution File, Format Version 12.00
# Visual Studio 14
VisualStudioVersion = 14.0.25420.1
MinimumVisualStudioVersion = 10.0.40219.1
Project("{FAE04EC0-301F-11D3-BF4B-00C04F79EFBC}") = "Clase1.Ejercicio1.Figuras", "Clase1.Ejercicio1.Figuras\Clase1.Ejercicio1.Figuras.csproj", "{A107D0C0-0B1E-43CB-8746-F6EACD8DF07C}"
EndProject
Project("{FAE04EC0-301F-11D3-BF4B-00C04F79EFBC}") = "Clase1.Ejercicio2.Vial", "Clase1.Ejercicio2.Vial\Clase1.Ejercicio2.Vial.csproj", "{DC712E78-8C84-4D44-9FCA-A7565DDFE2FC}"
EndProject
Project("{FAE04EC0-301F-11D3-BF4B-00C04F79EFBC}") = "Clase3.Ejercicio1.Diccionario", "Clase3.Ejercicio1.Diccionario\Clase3.Ejercicio1.Diccionario.csproj", "{55A8BCD7-7454-466C-B9A5-55C0B683F643}"
EndProject
Project("{FAE04EC0-301F-11D3-BF4B-00C04F79EFBC}") = "Clase3.Ejercicio3.Contador", "Clase3.Ejercicio3.Contador\Clase3.Ejercicio3.Contador.csproj", "{1B97EFE3-7AEE-49BE-BF82-9D4C16AFFA1A}"
EndProject
Project("{FAE04EC0-301F-11D3-BF4B-00C04F79EFBC}") = "Clase3.Ejercicio2.List", "Clase3.Ejercicio2.List\Clase3.Ejercicio2.List.csproj", "{EDB28DA2-B94F-49E3-BF46-A78DD87D1FC9}"
EndProject
Project("{FAE04EC0-301F-11D3-BF4B-00C04F79EFBC}") = "Clase5.EjercicioMultiplicacionDeMatrices", "Clase5.EjercicioMultiplicacionDeMatrices\Clase5.EjercicioMultiplicacionDeMatrices.csproj", "{D659CC20-19DF-47A6-82EF-0A72D2D369A4}"
EndProject
Project("{FAE04EC0-301F-11D3-BF4B-00C04F79EFBC}") = "Clase6.EjercicioAbecedario", "Clase6.EjercicioAbecedario\Clase6.EjercicioAbecedario.csproj", "{AB5FC3ED-5FC0-4221-9FDF-575E12DC0A5F}"
EndProject
Global
	GlobalSection(SolutionConfigurationPlatforms) = preSolution
		Debug|Any CPU = Debug|Any CPU
		Release|Any CPU = Release|Any CPU
	EndGlobalSection
	GlobalSection(ProjectConfigurationPlatforms) = postSolution
		{A107D0C0-0B1E-43CB-8746-F6EACD8DF07C}.Debug|Any CPU.ActiveCfg = Debug|Any CPU
		{A107D0C0-0B1E-43CB-8746-F6EACD8DF07C}.Debug|Any CPU.Build.0 = Debug|Any CPU
		{A107D0C0-0B1E-43CB-8746-F6EACD8DF07C}.Release|Any CPU.ActiveCfg = Release|Any CPU
		{A107D0C0-0B1E-43CB-8746-F6EACD8DF07C}.Release|Any CPU.Build.0 = Release|Any CPU
		{DC712E78-8C84-4D44-9FCA-A7565DDFE2FC}.Debug|Any CPU.ActiveCfg = Debug|Any CPU
		{DC712E78-8C84-4D44-9FCA-A7565DDFE2FC}.Debug|Any CPU.Build.0 = Debug|Any CPU
		{DC712E78-8C84-4D44-9FCA-A7565DDFE2FC}.Release|Any CPU.ActiveCfg = Release|Any CPU
		{DC712E78-8C84-4D44-9FCA-A7565DDFE2FC}.Release|Any CPU.Build.0 = Release|Any CPU
		{55A8BCD7-7454-466C-B9A5-55C0B683F643}.Debug|Any CPU.ActiveCfg = Debug|Any CPU
		{55A8BCD7-7454-466C-B9A5-55C0B683F643}.Debug|Any CPU.Build.0 = Debug|Any CPU
		{55A8BCD7-7454-466C-B9A5-55C0B683F643}.Release|Any CPU.ActiveCfg = Release|Any CPU
		{55A8BCD7-7454-466C-B9A5-55C0B683F643}.Release|Any CPU.Build.0 = Release|Any CPU
		{1B97EFE3-7AEE-49BE-BF82-9D4C16AFFA1A}.Debug|Any CPU.ActiveCfg = Debug|Any CPU
		{1B97EFE3-7AEE-49BE-BF82-9D4C16AFFA1A}.Debug|Any CPU.Build.0 = Debug|Any CPU
		{1B97EFE3-7AEE-49BE-BF82-9D4C16AFFA1A}.Release|Any CPU.ActiveCfg = Release|Any CPU
		{1B97EFE3-7AEE-49BE-BF82-9D4C16AFFA1A}.Release|Any CPU.Build.0 = Release|Any CPU
		{EDB28DA2-B94F-49E3-BF46-A78DD87D1FC9}.Debug|Any CPU.ActiveCfg = Debug|Any CPU
		{EDB28DA2-B94F-49E3-BF46-A78DD87D1FC9}.Debug|Any CPU.Build.0 = Debug|Any CPU
		{EDB28DA2-B94F-49E3-BF46-A78DD87D1FC9}.Release|Any CPU.ActiveCfg = Release|Any CPU
		{EDB28DA2-B94F-49E3-BF46-A78DD87D1FC9}.Release|Any CPU.Build.0 = Release|Any CPU
		{D659CC20-19DF-47A6-82EF-0A72D2D369A4}.Debug|Any CPU.ActiveCfg = Debug|Any CPU
		{D659CC20-19DF-47A6-82EF-0A72D2D369A4}.Debug|Any CPU.Build.0 = Debug|Any CPU
		{D659CC20-19DF-47A6-82EF-0A72D2D369A4}.Release|Any CPU.ActiveCfg = Release|Any CPU
		{D659CC20-19DF-47A6-82EF-0A72D2D369A4}.Release|Any CPU.Build.0 = Release|Any CPU
		{AB5FC3ED-5FC0-4221-9FDF-575E12DC0A5F}.Debug|Any CPU.ActiveCfg = Debug|Any CPU
		{AB5FC3ED-5FC0-4221-9FDF-575E12DC0A5F}.Debug|Any CPU.Build.0 = Debug|Any CPU
		{AB5FC3ED-5FC0-4221-9FDF-575E12DC0A5F}.Release|Any CPU.ActiveCfg = Release|Any CPU
		{AB5FC3ED-5FC0-4221-9FDF-575E12DC0A5F}.Release|Any CPU.Build.0 = Release|Any CPU
	EndGlobalSection
	GlobalSection(SolutionProperties) = preSolution
		HideSolutionNode = FALSE
	EndGlobalSection
EndGlobal
